
Microsoft Visual Studio Solution File, Format Version 12.00
# Visual Studio Version 17
VisualStudioVersion = 17.6.33829.357
MinimumVisualStudioVersion = 10.0.40219.1
Project("{FAE04EC0-301F-11D3-BF4B-00C04F79EFBC}") = "AdoNetConnectedProductDemo", "AdoNetConnectedProductDemo\AdoNetConnectedProductDemo.csproj", "{69208169-FF0E-4A3D-990F-4D9E256C4DE1}"
EndProject
Global
	GlobalSection(SolutionConfigurationPlatforms) = preSolution
		Debug|Any CPU = Debug|Any CPU
		Release|Any CPU = Release|Any CPU
	EndGlobalSection
	GlobalSection(ProjectConfigurationPlatforms) = postSolution
		{69208169-FF0E-4A3D-990F-4D9E256C4DE1}.Debug|Any CPU.ActiveCfg = Debug|Any CPU
		{69208169-FF0E-4A3D-990F-4D9E256C4DE1}.Debug|Any CPU.Build.0 = Debug|Any CPU
		{69208169-FF0E-4A3D-990F-4D9E256C4DE1}.Release|Any CPU.ActiveCfg = Release|Any CPU
		{69208169-FF0E-4A3D-990F-4D9E256C4DE1}.Release|Any CPU.Build.0 = Release|Any CPU
	EndGlobalSection
	GlobalSection(SolutionProperties) = preSolution
		HideSolutionNode = FALSE
	EndGlobalSection
	GlobalSection(ExtensibilityGlobals) = postSolution
		SolutionGuid = {00B7E100-93D3-4116-863C-2FD5A215EB23}
	EndGlobalSection
EndGlobal
